
Microsoft Visual Studio Solution File, Format Version 12.00
# Visual Studio Version 17
VisualStudioVersion = 17.5.33424.131
MinimumVisualStudioVersion = 10.0.40219.1
Project("{FAE04EC0-301F-11D3-BF4B-00C04F79EFBC}") = "ExceptionPractice", "ExceptionPractice.csproj", "{F306AF4F-46BF-49B1-B411-43920B6BD983}"
EndProject
Global
	GlobalSection(SolutionConfigurationPlatforms) = preSolution
		Debug|Any CPU = Debug|Any CPU
		Release|Any CPU = Release|Any CPU
	EndGlobalSection
	GlobalSection(ProjectConfigurationPlatforms) = postSolution
		{F306AF4F-46BF-49B1-B411-43920B6BD983}.Debug|Any CPU.ActiveCfg = Debug|Any CPU
		{F306AF4F-46BF-49B1-B411-43920B6BD983}.Debug|Any CPU.Build.0 = Debug|Any CPU
		{F306AF4F-46BF-49B1-B411-43920B6BD983}.Release|Any CPU.ActiveCfg = Release|Any CPU
		{F306AF4F-46BF-49B1-B411-43920B6BD983}.Release|Any CPU.Build.0 = Release|Any CPU
	EndGlobalSection
	GlobalSection(SolutionProperties) = preSolution
		HideSolutionNode = FALSE
	EndGlobalSection
	GlobalSection(ExtensibilityGlobals) = postSolution
		SolutionGuid = {10B40D53-A3FB-4084-9674-F1C2C7F736C1}
	EndGlobalSection
EndGlobal
